
Microsoft Visual Studio Solution File, Format Version 12.00
# Visual Studio Version 17
VisualStudioVersion = 17.10.34928.147
MinimumVisualStudioVersion = 10.0.40219.1
Project("{FAE04EC0-301F-11D3-BF4B-00C04F79EFBC}") = "CaseTech", "CaseTech\CaseTech.csproj", "{0DEBF45F-22B9-4A65-9A73-CA6646C2729F}"
EndProject
Global
	GlobalSection(SolutionConfigurationPlatforms) = preSolution
		Debug|Any CPU = Debug|Any CPU
		Release|Any CPU = Release|Any CPU
	EndGlobalSection
	GlobalSection(ProjectConfigurationPlatforms) = postSolution
		{0DEBF45F-22B9-4A65-9A73-CA6646C2729F}.Debug|Any CPU.ActiveCfg = Debug|Any CPU
		{0DEBF45F-22B9-4A65-9A73-CA6646C2729F}.Debug|Any CPU.Build.0 = Debug|Any CPU
		{0DEBF45F-22B9-4A65-9A73-CA6646C2729F}.Release|Any CPU.ActiveCfg = Release|Any CPU
		{0DEBF45F-22B9-4A65-9A73-CA6646C2729F}.Release|Any CPU.Build.0 = Release|Any CPU
	EndGlobalSection
	GlobalSection(SolutionProperties) = preSolution
		HideSolutionNode = FALSE
	EndGlobalSection
	GlobalSection(ExtensibilityGlobals) = postSolution
		SolutionGuid = {92077387-7D1E-4DC1-B97E-6FFC0F21E97A}
	EndGlobalSection
EndGlobal
